
Microsoft Visual Studio Solution File, Format Version 12.00
# Visual Studio 15
Project("{FAE04EC0-301F-11D3-BF4B-00C04F79EFBC}") = "calculator", "calculator\calculator.csproj", "{791DE6F8-D963-4C69-97CA-9D133BA6934D}"
EndProject
Global
	GlobalSection(SolutionConfigurationPlatforms) = preSolution
		Debug|Any CPU = Debug|Any CPU
		Release|Any CPU = Release|Any CPU
	EndGlobalSection
	GlobalSection(ProjectConfigurationPlatforms) = postSolution
		{791DE6F8-D963-4C69-97CA-9D133BA6934D}.Debug|Any CPU.ActiveCfg = Debug|Any CPU
		{791DE6F8-D963-4C69-97CA-9D133BA6934D}.Debug|Any CPU.Build.0 = Debug|Any CPU
		{791DE6F8-D963-4C69-97CA-9D133BA6934D}.Release|Any CPU.ActiveCfg = Release|Any CPU
		{791DE6F8-D963-4C69-97CA-9D133BA6934D}.Release|Any CPU.Build.0 = Release|Any CPU
	EndGlobalSection
EndGlobal
